
Microsoft Visual Studio Solution File, Format Version 12.00
# Visual Studio Version 17
VisualStudioVersion = 17.8.34227.203
MinimumVisualStudioVersion = 10.0.40219.1
Project("{FAE04EC0-301F-11D3-BF4B-00C04F79EFBC}") = "BlazorCodeCamp", "BlazorCodeCamp\BlazorCodeCamp.csproj", "{C6A18E7F-B51C-49BE-A081-430808EDFF3B}"
EndProject
Global
	GlobalSection(SolutionConfigurationPlatforms) = preSolution
		Debug|Any CPU = Debug|Any CPU
		Release|Any CPU = Release|Any CPU
	EndGlobalSection
	GlobalSection(ProjectConfigurationPlatforms) = postSolution
		{C6A18E7F-B51C-49BE-A081-430808EDFF3B}.Debug|Any CPU.ActiveCfg = Debug|Any CPU
		{C6A18E7F-B51C-49BE-A081-430808EDFF3B}.Debug|Any CPU.Build.0 = Debug|Any CPU
		{C6A18E7F-B51C-49BE-A081-430808EDFF3B}.Release|Any CPU.ActiveCfg = Release|Any CPU
		{C6A18E7F-B51C-49BE-A081-430808EDFF3B}.Release|Any CPU.Build.0 = Release|Any CPU
	EndGlobalSection
	GlobalSection(SolutionProperties) = preSolution
		HideSolutionNode = FALSE
	EndGlobalSection
	GlobalSection(ExtensibilityGlobals) = postSolution
		SolutionGuid = {D5A4C7DC-6F36-4C80-B167-30BB6EE5C0BB}
	EndGlobalSection
EndGlobal
